
Microsoft Visual Studio Solution File, Format Version 12.00
# Visual Studio 14
VisualStudioVersion = 14.0.25420.1
MinimumVisualStudioVersion = 10.0.40219.1
Project("{FAE04EC0-301F-11D3-BF4B-00C04F79EFBC}") = "CarDealership.UI", "CarDealership\CarDealership.UI.csproj", "{C82581AB-D363-4363-8F92-63AC795486EB}"
EndProject
Project("{FAE04EC0-301F-11D3-BF4B-00C04F79EFBC}") = "CarDealership.BLL", "CarDealership.BLL\CarDealership.BLL.csproj", "{AEB813A9-49E9-4834-9071-70AECF507ABA}"
EndProject
Project("{FAE04EC0-301F-11D3-BF4B-00C04F79EFBC}") = "CarDealership.Data", "CarDealership.Data\CarDealership.Data.csproj", "{505C644C-084C-4659-9C2E-682C413C0DAB}"
EndProject
Project("{FAE04EC0-301F-11D3-BF4B-00C04F79EFBC}") = "CarDealership.UnitTests", "CarDealership.UnitTests\CarDealership.UnitTests.csproj", "{45648931-22BB-4757-B4D4-D8A4131D9A8D}"
EndProject
Project("{FAE04EC0-301F-11D3-BF4B-00C04F79EFBC}") = "CarDealership.ScratchPad", "CarDealership.ScratchPad\CarDealership.ScratchPad.csproj", "{B8B2C878-76D6-4CAE-B4BD-5E0242DD7762}"
EndProject
Project("{FAE04EC0-301F-11D3-BF4B-00C04F79EFBC}") = "CarDealership.Models", "CarDealership.Models\CarDealership.Models.csproj", "{712968E0-BDA1-480B-9B5F-65AAF143BC58}"
EndProject
Global
	GlobalSection(SolutionConfigurationPlatforms) = preSolution
		Debug|Any CPU = Debug|Any CPU
		Release|Any CPU = Release|Any CPU
	EndGlobalSection
	GlobalSection(ProjectConfigurationPlatforms) = postSolution
		{C82581AB-D363-4363-8F92-63AC795486EB}.Debug|Any CPU.ActiveCfg = Debug|Any CPU
		{C82581AB-D363-4363-8F92-63AC795486EB}.Debug|Any CPU.Build.0 = Debug|Any CPU
		{C82581AB-D363-4363-8F92-63AC795486EB}.Release|Any CPU.ActiveCfg = Release|Any CPU
		{C82581AB-D363-4363-8F92-63AC795486EB}.Release|Any CPU.Build.0 = Release|Any CPU
		{AEB813A9-49E9-4834-9071-70AECF507ABA}.Debug|Any CPU.ActiveCfg = Debug|Any CPU
		{AEB813A9-49E9-4834-9071-70AECF507ABA}.Debug|Any CPU.Build.0 = Debug|Any CPU
		{AEB813A9-49E9-4834-9071-70AECF507ABA}.Release|Any CPU.ActiveCfg = Release|Any CPU
		{AEB813A9-49E9-4834-9071-70AECF507ABA}.Release|Any CPU.Build.0 = Release|Any CPU
		{505C644C-084C-4659-9C2E-682C413C0DAB}.Debug|Any CPU.ActiveCfg = Debug|Any CPU
		{505C644C-084C-4659-9C2E-682C413C0DAB}.Debug|Any CPU.Build.0 = Debug|Any CPU
		{505C644C-084C-4659-9C2E-682C413C0DAB}.Release|Any CPU.ActiveCfg = Release|Any CPU
		{505C644C-084C-4659-9C2E-682C413C0DAB}.Release|Any CPU.Build.0 = Release|Any CPU
		{45648931-22BB-4757-B4D4-D8A4131D9A8D}.Debug|Any CPU.ActiveCfg = Debug|Any CPU
		{45648931-22BB-4757-B4D4-D8A4131D9A8D}.Debug|Any CPU.Build.0 = Debug|Any CPU
		{45648931-22BB-4757-B4D4-D8A4131D9A8D}.Release|Any CPU.ActiveCfg = Release|Any CPU
		{45648931-22BB-4757-B4D4-D8A4131D9A8D}.Release|Any CPU.Build.0 = Release|Any CPU
		{B8B2C878-76D6-4CAE-B4BD-5E0242DD7762}.Debug|Any CPU.ActiveCfg = Debug|Any CPU
		{B8B2C878-76D6-4CAE-B4BD-5E0242DD7762}.Debug|Any CPU.Build.0 = Debug|Any CPU
		{B8B2C878-76D6-4CAE-B4BD-5E0242DD7762}.Release|Any CPU.ActiveCfg = Release|Any CPU
		{B8B2C878-76D6-4CAE-B4BD-5E0242DD7762}.Release|Any CPU.Build.0 = Release|Any CPU
		{712968E0-BDA1-480B-9B5F-65AAF143BC58}.Debug|Any CPU.ActiveCfg = Debug|Any CPU
		{712968E0-BDA1-480B-9B5F-65AAF143BC58}.Debug|Any CPU.Build.0 = Debug|Any CPU
		{712968E0-BDA1-480B-9B5F-65AAF143BC58}.Release|Any CPU.ActiveCfg = Release|Any CPU
		{712968E0-BDA1-480B-9B5F-65AAF143BC58}.Release|Any CPU.Build.0 = Release|Any CPU
	EndGlobalSection
	GlobalSection(SolutionProperties) = preSolution
		HideSolutionNode = FALSE
	EndGlobalSection
EndGlobal
